{
  "version": 4,
  "terraform_version": "1.0.10",
  "serial": 179,
  "lineage": "c5a49bba-3e47-6d23-a29f-1abb39db8925",
  "outputs": {},
  "resources": [
    {
      "mode": "data",
      "type": "azurerm_resource_group",
      "name": "rg",
      "provider": "provider[\"registry.terraform.io/hashicorp/azurerm\"]",
      "instances": [
        {
          "schema_version": 0,
          "attributes": {
            "id": "/subscriptions/09244db3-9e4e-45d7-917e-95d1d2905962/resourceGroups/KPMG-CA-DWSynapsePOC-RG",
            "location": "canadacentral",
            "name": "KPMG-CA-DWSynapsePOC-RG",
            "tags": {
              "CA_Application": "Azure Synapse",
              "CA_BCRating": "BC2",
              "CA_BusinessUnit": "BES",
              "CA_CreatedBy": "lloydlim@Kpmg.ca",
              "CA_DCRating": "Confidential",
              "CA_Environment": "POC",
              "CA_Owner": "Mark Newman",
              "CA_Purpose": "Enterprise Analytics (EA) for BES",
              "CA_WiseID": "5551"
            },
            "timeouts": null
          },
          "sensitive_attributes": []
        }
      ]
    },
    {
      "mode": "data",
      "type": "local_file",
      "name": "AAS-resume",
      "provider": "provider[\"registry.terraform.io/hashicorp/local\"]",
      "instances": [
        {
          "schema_version": 0,
          "attributes": {
            "content": "# Ensures you do not inherit an AzContext in your runbook\r\nDisable-AzContextAutosave -Scope Process\r\n\r\n$Conn = Get-AutomationConnection  -Name \"AzureRunAsConnection\"\r\nConnect-AzAccount -ServicePrincipal -Tenant $Conn.TenantID `\r\n-ApplicationId $Conn.ApplicationID -CertificateThumbprint $Conn.CertificateThumbprint\r\n\r\n$AzureContext = Select-AzSubscription -SubscriptionId $Conn.SubscriptionID\r\n\r\nGet-AzAnalysisServicesServer -Name \"synaskpmgcadwpoc01\" -ResourceGroupName \"KPMG-CA-DWSynapsePOC-RG\"\r\n\r\n#Resume  Analysis Service\r\nResume-AzAnalysisServicesServer -Name \"synaskpmgcadwpoc01\" -ResourceGroupName \"KPMG-CA-DWSynapsePOC-RG\"",
            "content_base64": "IyBFbnN1cmVzIHlvdSBkbyBub3QgaW5oZXJpdCBhbiBBekNvbnRleHQgaW4geW91ciBydW5ib29rDQpEaXNhYmxlLUF6Q29udGV4dEF1dG9zYXZlIC1TY29wZSBQcm9jZXNzDQoNCiRDb25uID0gR2V0LUF1dG9tYXRpb25Db25uZWN0aW9uICAtTmFtZSAiQXp1cmVSdW5Bc0Nvbm5lY3Rpb24iDQpDb25uZWN0LUF6QWNjb3VudCAtU2VydmljZVByaW5jaXBhbCAtVGVuYW50ICRDb25uLlRlbmFudElEIGANCi1BcHBsaWNhdGlvbklkICRDb25uLkFwcGxpY2F0aW9uSUQgLUNlcnRpZmljYXRlVGh1bWJwcmludCAkQ29ubi5DZXJ0aWZpY2F0ZVRodW1icHJpbnQNCg0KJEF6dXJlQ29udGV4dCA9IFNlbGVjdC1BelN1YnNjcmlwdGlvbiAtU3Vic2NyaXB0aW9uSWQgJENvbm4uU3Vic2NyaXB0aW9uSUQNCg0KR2V0LUF6QW5hbHlzaXNTZXJ2aWNlc1NlcnZlciAtTmFtZSAic3luYXNrcG1nY2Fkd3BvYzAxIiAtUmVzb3VyY2VHcm91cE5hbWUgIktQTUctQ0EtRFdTeW5hcHNlUE9DLVJHIg0KDQojUmVzdW1lICBBbmFseXNpcyBTZXJ2aWNlDQpSZXN1bWUtQXpBbmFseXNpc1NlcnZpY2VzU2VydmVyIC1OYW1lICJzeW5hc2twbWdjYWR3cG9jMDEiIC1SZXNvdXJjZUdyb3VwTmFtZSAiS1BNRy1DQS1EV1N5bmFwc2VQT0MtUkci",
            "filename": "ResumeAAS.ps1",
            "id": "1707116a09d00045232dfc138477a32aa70840db"
          },
          "sensitive_attributes": []
        }
      ]
    },
    {
      "mode": "data",
      "type": "local_file",
      "name": "AAS-stop",
      "provider": "provider[\"registry.terraform.io/hashicorp/local\"]",
      "instances": [
        {
          "schema_version": 0,
          "attributes": {
            "content": "# Ensures you do not inherit an AzContext in your runbook\r\nDisable-AzContextAutosave -Scope Process\r\n\r\n$Conn = Get-AutomationConnection  -Name \"AzureRunAsConnection\"\r\nConnect-AzAccount -ServicePrincipal -Tenant $Conn.TenantID `\r\n-ApplicationId $Conn.ApplicationID -CertificateThumbprint $Conn.CertificateThumbprint\r\n\r\n$AzureContext = Select-AzSubscription -SubscriptionId $Conn.SubscriptionID\r\n\r\nGet-AzAnalysisServicesServer -Name \"synaskpmgcadwpoc01\" -ResourceGroupName \"KPMG-CA-DWSynapsePOC-RG\"\r\n\r\n#stop analysis server\r\nSuspend-AzAnalysisServicesServer -Name \"synaskpmgcadwpoc01\" -ResourceGroupName \"KPMG-CA-DWSynapsePOC-RG\"",
            "content_base64": "IyBFbnN1cmVzIHlvdSBkbyBub3QgaW5oZXJpdCBhbiBBekNvbnRleHQgaW4geW91ciBydW5ib29rDQpEaXNhYmxlLUF6Q29udGV4dEF1dG9zYXZlIC1TY29wZSBQcm9jZXNzDQoNCiRDb25uID0gR2V0LUF1dG9tYXRpb25Db25uZWN0aW9uICAtTmFtZSAiQXp1cmVSdW5Bc0Nvbm5lY3Rpb24iDQpDb25uZWN0LUF6QWNjb3VudCAtU2VydmljZVByaW5jaXBhbCAtVGVuYW50ICRDb25uLlRlbmFudElEIGANCi1BcHBsaWNhdGlvbklkICRDb25uLkFwcGxpY2F0aW9uSUQgLUNlcnRpZmljYXRlVGh1bWJwcmludCAkQ29ubi5DZXJ0aWZpY2F0ZVRodW1icHJpbnQNCg0KJEF6dXJlQ29udGV4dCA9IFNlbGVjdC1BelN1YnNjcmlwdGlvbiAtU3Vic2NyaXB0aW9uSWQgJENvbm4uU3Vic2NyaXB0aW9uSUQNCg0KR2V0LUF6QW5hbHlzaXNTZXJ2aWNlc1NlcnZlciAtTmFtZSAic3luYXNrcG1nY2Fkd3BvYzAxIiAtUmVzb3VyY2VHcm91cE5hbWUgIktQTUctQ0EtRFdTeW5hcHNlUE9DLVJHIg0KDQojc3RvcCBhbmFseXNpcyBzZXJ2ZXINClN1c3BlbmQtQXpBbmFseXNpc1NlcnZpY2VzU2VydmVyIC1OYW1lICJzeW5hc2twbWdjYWR3cG9jMDEiIC1SZXNvdXJjZUdyb3VwTmFtZSAiS1BNRy1DQS1EV1N5bmFwc2VQT0MtUkci",
            "filename": "StopAAS.ps1",
            "id": "6708c9b41941b92dc3951778441b82ff310415b8"
          },
          "sensitive_attributes": []
        }
      ]
    },
    {
      "mode": "data",
      "type": "local_file",
      "name": "dw-resume",
      "provider": "provider[\"registry.terraform.io/hashicorp/local\"]",
      "instances": [
        {
          "schema_version": 0,
          "attributes": {
            "content": "# Ensures you do not inherit an AzContext in your runbook\r\nDisable-AzContextAutosave -Scope Process\r\n\r\n$Conn = Get-AutomationConnection  -Name \"AzureRunAsConnection\"\r\nConnect-AzAccount -ServicePrincipal -Tenant $Conn.TenantID `\r\n-ApplicationId $Conn.ApplicationID -CertificateThumbprint $Conn.CertificateThumbprint\r\n\r\n$AzureContext = Select-AzSubscription -SubscriptionId $Conn.SubscriptionID\r\n\r\nGet-AzSqlDatabase –ResourceGroupName \"KPMG-CA-DWSynapsePOC-RG\" `\r\n–ServerName \"sqlpoolservername\" -DatabaseName \"mySampleDataWarehouse\"\r\n\r\n#Resume sql pool\r\nResume-AzSqlDatabase –ResourceGroupName \"KPMG-CA-DWSynapsePOC-RG\" `\r\n–ServerName \"sqlpoolservername\" -DatabaseName \"mySampleDataWarehouse\" ",
            "content_base64": "IyBFbnN1cmVzIHlvdSBkbyBub3QgaW5oZXJpdCBhbiBBekNvbnRleHQgaW4geW91ciBydW5ib29rDQpEaXNhYmxlLUF6Q29udGV4dEF1dG9zYXZlIC1TY29wZSBQcm9jZXNzDQoNCiRDb25uID0gR2V0LUF1dG9tYXRpb25Db25uZWN0aW9uICAtTmFtZSAiQXp1cmVSdW5Bc0Nvbm5lY3Rpb24iDQpDb25uZWN0LUF6QWNjb3VudCAtU2VydmljZVByaW5jaXBhbCAtVGVuYW50ICRDb25uLlRlbmFudElEIGANCi1BcHBsaWNhdGlvbklkICRDb25uLkFwcGxpY2F0aW9uSUQgLUNlcnRpZmljYXRlVGh1bWJwcmludCAkQ29ubi5DZXJ0aWZpY2F0ZVRodW1icHJpbnQNCg0KJEF6dXJlQ29udGV4dCA9IFNlbGVjdC1BelN1YnNjcmlwdGlvbiAtU3Vic2NyaXB0aW9uSWQgJENvbm4uU3Vic2NyaXB0aW9uSUQNCg0KR2V0LUF6U3FsRGF0YWJhc2Ug4oCTUmVzb3VyY2VHcm91cE5hbWUgIktQTUctQ0EtRFdTeW5hcHNlUE9DLVJHIiBgDQrigJNTZXJ2ZXJOYW1lICJzcWxwb29sc2VydmVybmFtZSIgLURhdGFiYXNlTmFtZSAibXlTYW1wbGVEYXRhV2FyZWhvdXNlIg0KDQojUmVzdW1lIHNxbCBwb29sDQpSZXN1bWUtQXpTcWxEYXRhYmFzZSDigJNSZXNvdXJjZUdyb3VwTmFtZSAiS1BNRy1DQS1EV1N5bmFwc2VQT0MtUkciIGANCuKAk1NlcnZlck5hbWUgInNxbHBvb2xzZXJ2ZXJuYW1lIiAtRGF0YWJhc2VOYW1lICJteVNhbXBsZURhdGFXYXJlaG91c2UiIA==",
            "filename": "ResumeDW.ps1",
            "id": "927de98dfb30d6758c8013513d8eced1e54e426b"
          },
          "sensitive_attributes": []
        }
      ]
    },
    {
      "mode": "data",
      "type": "local_file",
      "name": "dw-stop",
      "provider": "provider[\"registry.terraform.io/hashicorp/local\"]",
      "instances": [
        {
          "schema_version": 0,
          "attributes": {
            "content": "# Ensures you do not inherit an AzContext in your runbook\r\nDisable-AzContextAutosave -Scope Process\r\n\r\n$Conn = Get-AutomationConnection  -Name \"AzureRunAsConnection\"\r\nConnect-AzAccount -ServicePrincipal -Tenant $Conn.TenantID `\r\n-ApplicationId $Conn.ApplicationID -CertificateThumbprint $Conn.CertificateThumbprint\r\n\r\n$AzureContext = Select-AzSubscription -SubscriptionId $Conn.SubscriptionID\r\n\r\nGet-AzSqlDatabase –ResourceGroupName \"KPMG-CA-DWSynapsePOC-RG\" `\r\n–ServerName \"sqlpoolservername\" -DatabaseName \"mySampleDataWarehouse\" \r\n\r\n#stop sql pool\r\nSuspend-AzSqlDatabase –ResourceGroupName \"KPMG-CA-DWSynapsePOC-RG\" `\r\n–ServerName \"sqlpoolservername\" –DatabaseName \"mySampleDataWarehouse\"",
            "content_base64": "IyBFbnN1cmVzIHlvdSBkbyBub3QgaW5oZXJpdCBhbiBBekNvbnRleHQgaW4geW91ciBydW5ib29rDQpEaXNhYmxlLUF6Q29udGV4dEF1dG9zYXZlIC1TY29wZSBQcm9jZXNzDQoNCiRDb25uID0gR2V0LUF1dG9tYXRpb25Db25uZWN0aW9uICAtTmFtZSAiQXp1cmVSdW5Bc0Nvbm5lY3Rpb24iDQpDb25uZWN0LUF6QWNjb3VudCAtU2VydmljZVByaW5jaXBhbCAtVGVuYW50ICRDb25uLlRlbmFudElEIGANCi1BcHBsaWNhdGlvbklkICRDb25uLkFwcGxpY2F0aW9uSUQgLUNlcnRpZmljYXRlVGh1bWJwcmludCAkQ29ubi5DZXJ0aWZpY2F0ZVRodW1icHJpbnQNCg0KJEF6dXJlQ29udGV4dCA9IFNlbGVjdC1BelN1YnNjcmlwdGlvbiAtU3Vic2NyaXB0aW9uSWQgJENvbm4uU3Vic2NyaXB0aW9uSUQNCg0KR2V0LUF6U3FsRGF0YWJhc2Ug4oCTUmVzb3VyY2VHcm91cE5hbWUgIktQTUctQ0EtRFdTeW5hcHNlUE9DLVJHIiBgDQrigJNTZXJ2ZXJOYW1lICJzcWxwb29sc2VydmVybmFtZSIgLURhdGFiYXNlTmFtZSAibXlTYW1wbGVEYXRhV2FyZWhvdXNlIiANCg0KI3N0b3Agc3FsIHBvb2wNClN1c3BlbmQtQXpTcWxEYXRhYmFzZSDigJNSZXNvdXJjZUdyb3VwTmFtZSAiS1BNRy1DQS1EV1N5bmFwc2VQT0MtUkciIGANCuKAk1NlcnZlck5hbWUgInNxbHBvb2xzZXJ2ZXJuYW1lIiDigJNEYXRhYmFzZU5hbWUgIm15U2FtcGxlRGF0YVdhcmVob3VzZSI=",
            "filename": "STOPDW.ps1",
            "id": "c5d986beaaed3f1913e4ba82ea83c690e4a75a2a"
          },
          "sensitive_attributes": []
        }
      ]
    },
    {
      "mode": "data",
      "type": "local_file",
      "name": "restartvm",
      "provider": "provider[\"registry.terraform.io/hashicorp/local\"]",
      "instances": [
        {
          "schema_version": 0,
          "attributes": {
            "content": "# Ensures you do not inherit an AzContext in your runbook\r\nDisable-AzContextAutosave -Scope Process\r\n\r\n$Conn = Get-AutomationConnection  -Name \"AzureRunAsConnection\"\r\nConnect-AzAccount -ServicePrincipal -Tenant $Conn.TenantID `\r\n-ApplicationId $Conn.ApplicationID -CertificateThumbprint $Conn.CertificateThumbprint\r\n\r\n$AzureContext = Select-AzSubscription -SubscriptionId $Conn.SubscriptionID\r\nGet-AzVM\r\n# restart vm \r\nRestart-AzVM -ResourceGroupName \"KPMG-CA-DWSynapsePOC-RG\" -Name \"caadcapp0603\"\r\n\r\n",
            "content_base64": "IyBFbnN1cmVzIHlvdSBkbyBub3QgaW5oZXJpdCBhbiBBekNvbnRleHQgaW4geW91ciBydW5ib29rDQpEaXNhYmxlLUF6Q29udGV4dEF1dG9zYXZlIC1TY29wZSBQcm9jZXNzDQoNCiRDb25uID0gR2V0LUF1dG9tYXRpb25Db25uZWN0aW9uICAtTmFtZSAiQXp1cmVSdW5Bc0Nvbm5lY3Rpb24iDQpDb25uZWN0LUF6QWNjb3VudCAtU2VydmljZVByaW5jaXBhbCAtVGVuYW50ICRDb25uLlRlbmFudElEIGANCi1BcHBsaWNhdGlvbklkICRDb25uLkFwcGxpY2F0aW9uSUQgLUNlcnRpZmljYXRlVGh1bWJwcmludCAkQ29ubi5DZXJ0aWZpY2F0ZVRodW1icHJpbnQNCg0KJEF6dXJlQ29udGV4dCA9IFNlbGVjdC1BelN1YnNjcmlwdGlvbiAtU3Vic2NyaXB0aW9uSWQgJENvbm4uU3Vic2NyaXB0aW9uSUQNCkdldC1BelZNDQojIHJlc3RhcnQgdm0gDQpSZXN0YXJ0LUF6Vk0gLVJlc291cmNlR3JvdXBOYW1lICJLUE1HLUNBLURXU3luYXBzZVBPQy1SRyIgLU5hbWUgImNhYWRjYXBwMDYwMyINCg0K",
            "filename": "RESTART-VM.ps1",
            "id": "e5bbd320fc32116bd04db793d07f3fa3a79db1d9"
          },
          "sensitive_attributes": []
        }
      ]
    },
    {
      "mode": "managed",
      "type": "azurerm_automation_account",
      "name": "automation_account",
      "provider": "provider[\"registry.terraform.io/hashicorp/azurerm\"]",
      "instances": [
        {
          "schema_version": 0,
          "attributes": {
            "dsc_primary_access_key": "9CYL3F/PH2chimA5DrV8zQDCY9Ub7gwMhTsy6e/7lXLPo6AZ8MKvo7uLum0qIPCdWpbPyoW/Awbltd4u5zlTVQ==",
            "dsc_secondary_access_key": "vyAML6LfR/7icFU3m3PPXK5j3x6xNDXwDVk8jIGd55tbSWN/hMxgJ0VRr0NU4oyxyV2ynjwGLW50sHhn57zPSw==",
            "dsc_server_endpoint": "https://75e60899-32bd-4059-9857-d226c6af0a07.agentsvc.cc.azure-automation.net/accounts/75e60899-32bd-4059-9857-d226c6af0a07",
            "id": "/subscriptions/09244db3-9e4e-45d7-917e-95d1d2905962/resourceGroups/KPMG-CA-DWSynapsePOC-RG/providers/Microsoft.Automation/automationAccounts/aa-kpmgcadwpoc01",
            "location": "canadacentral",
            "name": "aa-kpmgcadwpoc01",
            "resource_group_name": "KPMG-CA-DWSynapsePOC-RG",
            "sku_name": "Basic",
            "tags": {
              "CA_Application": "Azure Synapse",
              "CA_BCRating": "BC2",
              "CA_BusinessUnit": "BES",
              "CA_CreatedBy": "lloydlim@Kpmg.ca",
              "CA_DCRating": "Confidential",
              "CA_Environment": "POC",
              "CA_Owner": "Mark Newman",
              "CA_Purpose": "Enterprise Analytics (EA) for BES",
              "CA_WiseID": "5551"
            },
            "timeouts": null
          },
          "sensitive_attributes": [],
          "private": "eyJlMmJmYjczMC1lY2FhLTExZTYtOGY4OC0zNDM2M2JjN2M0YzAiOnsiY3JlYXRlIjoxODAwMDAwMDAwMDAwLCJkZWxldGUiOjE4MDAwMDAwMDAwMDAsInJlYWQiOjMwMDAwMDAwMDAwMCwidXBkYXRlIjoxODAwMDAwMDAwMDAwfX0=",
          "dependencies": [
            "data.azurerm_resource_group.rg"
          ]
        }
      ]
    },
    {
      "mode": "managed",
      "type": "azurerm_automation_job_schedule",
      "name": "AAS_resume_job_schedule",
      "provider": "provider[\"registry.terraform.io/hashicorp/azurerm\"]",
      "instances": [
        {
          "schema_version": 0,
          "attributes": {
            "automation_account_name": "aa-kpmgcadwpoc01",
            "id": "/subscriptions/09244db3-9e4e-45d7-917e-95d1d2905962/resourceGroups/KPMG-CA-DWSynapsePOC-RG/providers/Microsoft.Automation/automationAccounts/aa-kpmgcadwpoc01/jobSchedules/d267c311-bf26-465d-9f2a-6d59163518a6",
            "job_schedule_id": "d267c311-bf26-465d-9f2a-6d59163518a6",
            "parameters": null,
            "resource_group_name": "KPMG-CA-DWSynapsePOC-RG",
            "run_on": null,
            "runbook_name": "automation_runbook_dw_resume",
            "schedule_name": "automation_AAS_resume_schedule",
            "timeouts": null
          },
          "sensitive_attributes": [],
          "private": "eyJlMmJmYjczMC1lY2FhLTExZTYtOGY4OC0zNDM2M2JjN2M0YzAiOnsiY3JlYXRlIjoxODAwMDAwMDAwMDAwLCJkZWxldGUiOjE4MDAwMDAwMDAwMDAsInJlYWQiOjMwMDAwMDAwMDAwMCwidXBkYXRlIjoxODAwMDAwMDAwMDAwfX0=",
          "dependencies": [
            "azurerm_automation_account.automation_account",
            "azurerm_automation_runbook.automation_runbook_AAS-resume",
            "azurerm_automation_schedule.AAS-resume-schedule",
            "data.azurerm_resource_group.rg",
            "data.local_file.AAS-resume"
          ]
        }
      ]
    },
    {
      "mode": "managed",
      "type": "azurerm_automation_job_schedule",
      "name": "AAS_stop_job_schedule",
      "provider": "provider[\"registry.terraform.io/hashicorp/azurerm\"]",
      "instances": [
        {
          "schema_version": 0,
          "attributes": {
            "automation_account_name": "aa-kpmgcadwpoc01",
            "id": "/subscriptions/09244db3-9e4e-45d7-917e-95d1d2905962/resourceGroups/KPMG-CA-DWSynapsePOC-RG/providers/Microsoft.Automation/automationAccounts/aa-kpmgcadwpoc01/jobSchedules/1f528af5-31eb-4bef-843a-99601440d2d3",
            "job_schedule_id": "1f528af5-31eb-4bef-843a-99601440d2d3",
            "parameters": null,
            "resource_group_name": "KPMG-CA-DWSynapsePOC-RG",
            "run_on": null,
            "runbook_name": "automation_runbook_dw_stop",
            "schedule_name": "automation_AAS_stop_schedule",
            "timeouts": null
          },
          "sensitive_attributes": [],
          "private": "eyJlMmJmYjczMC1lY2FhLTExZTYtOGY4OC0zNDM2M2JjN2M0YzAiOnsiY3JlYXRlIjoxODAwMDAwMDAwMDAwLCJkZWxldGUiOjE4MDAwMDAwMDAwMDAsInJlYWQiOjMwMDAwMDAwMDAwMCwidXBkYXRlIjoxODAwMDAwMDAwMDAwfX0=",
          "dependencies": [
            "azurerm_automation_account.automation_account",
            "azurerm_automation_runbook.automation_runbook_AAS-stop",
            "azurerm_automation_schedule.AAS-stop-schedule",
            "data.azurerm_resource_group.rg",
            "data.local_file.AAS-stop"
          ]
        }
      ]
    },
    {
      "mode": "managed",
      "type": "azurerm_automation_job_schedule",
      "name": "dw_resume_job_schedule",
      "provider": "provider[\"registry.terraform.io/hashicorp/azurerm\"]",
      "instances": [
        {
          "schema_version": 0,
          "attributes": {
            "automation_account_name": "aa-kpmgcadwpoc01",
            "id": "/subscriptions/09244db3-9e4e-45d7-917e-95d1d2905962/resourceGroups/KPMG-CA-DWSynapsePOC-RG/providers/Microsoft.Automation/automationAccounts/aa-kpmgcadwpoc01/jobSchedules/25e0a6ab-5916-4d85-b47e-a4f6b78d21df",
            "job_schedule_id": "25e0a6ab-5916-4d85-b47e-a4f6b78d21df",
            "parameters": null,
            "resource_group_name": "KPMG-CA-DWSynapsePOC-RG",
            "run_on": null,
            "runbook_name": "automation_runbook_dw_resume",
            "schedule_name": "automation_dw_resume_schedule",
            "timeouts": null
          },
          "sensitive_attributes": [],
          "private": "eyJlMmJmYjczMC1lY2FhLTExZTYtOGY4OC0zNDM2M2JjN2M0YzAiOnsiY3JlYXRlIjoxODAwMDAwMDAwMDAwLCJkZWxldGUiOjE4MDAwMDAwMDAwMDAsInJlYWQiOjMwMDAwMDAwMDAwMCwidXBkYXRlIjoxODAwMDAwMDAwMDAwfX0=",
          "dependencies": [
            "azurerm_automation_account.automation_account",
            "azurerm_automation_runbook.automation_runbook_dw-resume",
            "azurerm_automation_schedule.dw-resume-schedule",
            "data.azurerm_resource_group.rg",
            "data.local_file.dw-resume"
          ]
        }
      ]
    },
    {
      "mode": "managed",
      "type": "azurerm_automation_job_schedule",
      "name": "dw_stop_job_schedule",
      "provider": "provider[\"registry.terraform.io/hashicorp/azurerm\"]",
      "instances": [
        {
          "schema_version": 0,
          "attributes": {
            "automation_account_name": "aa-kpmgcadwpoc01",
            "id": "/subscriptions/09244db3-9e4e-45d7-917e-95d1d2905962/resourceGroups/KPMG-CA-DWSynapsePOC-RG/providers/Microsoft.Automation/automationAccounts/aa-kpmgcadwpoc01/jobSchedules/d8111d2e-99a2-4b0b-b253-f06f37124ab9",
            "job_schedule_id": "d8111d2e-99a2-4b0b-b253-f06f37124ab9",
            "parameters": null,
            "resource_group_name": "KPMG-CA-DWSynapsePOC-RG",
            "run_on": null,
            "runbook_name": "automation_runbook_dw_stop",
            "schedule_name": "automation_dw_stop_schedule",
            "timeouts": null
          },
          "sensitive_attributes": [],
          "private": "eyJlMmJmYjczMC1lY2FhLTExZTYtOGY4OC0zNDM2M2JjN2M0YzAiOnsiY3JlYXRlIjoxODAwMDAwMDAwMDAwLCJkZWxldGUiOjE4MDAwMDAwMDAwMDAsInJlYWQiOjMwMDAwMDAwMDAwMCwidXBkYXRlIjoxODAwMDAwMDAwMDAwfX0=",
          "dependencies": [
            "azurerm_automation_account.automation_account",
            "azurerm_automation_runbook.automation_runbook_dw-stop",
            "azurerm_automation_schedule.dw-stop-schedule",
            "data.azurerm_resource_group.rg",
            "data.local_file.dw-stop"
          ]
        }
      ]
    },
    {
      "mode": "managed",
      "type": "azurerm_automation_job_schedule",
      "name": "job_schedule",
      "provider": "provider[\"registry.terraform.io/hashicorp/azurerm\"]",
      "instances": [
        {
          "schema_version": 0,
          "attributes": {
            "automation_account_name": "aa-kpmgcadwpoc01",
            "id": "/subscriptions/09244db3-9e4e-45d7-917e-95d1d2905962/resourceGroups/KPMG-CA-DWSynapsePOC-RG/providers/Microsoft.Automation/automationAccounts/aa-kpmgcadwpoc01/jobSchedules/95951473-1d95-4b95-954b-37bae4e41fbc",
            "job_schedule_id": "95951473-1d95-4b95-954b-37bae4e41fbc",
            "parameters": null,
            "resource_group_name": "KPMG-CA-DWSynapsePOC-RG",
            "run_on": null,
            "runbook_name": "restart-vm",
            "schedule_name": "automation_schedule_for_restartvm",
            "timeouts": null
          },
          "sensitive_attributes": [],
          "private": "eyJlMmJmYjczMC1lY2FhLTExZTYtOGY4OC0zNDM2M2JjN2M0YzAiOnsiY3JlYXRlIjoxODAwMDAwMDAwMDAwLCJkZWxldGUiOjE4MDAwMDAwMDAwMDAsInJlYWQiOjMwMDAwMDAwMDAwMCwidXBkYXRlIjoxODAwMDAwMDAwMDAwfX0=",
          "dependencies": [
            "azurerm_automation_account.automation_account",
            "azurerm_automation_runbook.automation_runbook",
            "azurerm_automation_schedule.hour",
            "data.azurerm_resource_group.rg",
            "data.local_file.restartvm"
          ]
        }
      ]
    },
    {
      "mode": "managed",
      "type": "azurerm_automation_runbook",
      "name": "automation_runbook",
      "provider": "provider[\"registry.terraform.io/hashicorp/azurerm\"]",
      "instances": [
        {
          "schema_version": 0,
          "attributes": {
            "automation_account_name": "aa-kpmgcadwpoc01",
            "content": "# Ensures you do not inherit an AzContext in your runbook\r\nDisable-AzContextAutosave -Scope Process\r\n\r\n$Conn = Get-AutomationConnection  -Name \"AzureRunAsConnection\"\r\nConnect-AzAccount -ServicePrincipal -Tenant $Conn.TenantID `\r\n-ApplicationId $Conn.ApplicationID -CertificateThumbprint $Conn.CertificateThumbprint\r\n\r\n$AzureContext = Select-AzSubscription -SubscriptionId $Conn.SubscriptionID\r\nGet-AzVM\r\n# restart vm \r\nRestart-AzVM -ResourceGroupName \"KPMG-CA-DWSynapsePOC-RG\" -Name \"caadcapp0603\"\r\n\r\n",
            "description": "runbook for  restart vm",
            "id": "/subscriptions/09244db3-9e4e-45d7-917e-95d1d2905962/resourceGroups/KPMG-CA-DWSynapsePOC-RG/providers/Microsoft.Automation/automationAccounts/aa-kpmgcadwpoc01/runbooks/restart-vm",
            "job_schedule": [],
            "location": "canadacentral",
            "log_progress": true,
            "log_verbose": true,
            "name": "restart-vm",
            "publish_content_link": [],
            "resource_group_name": "KPMG-CA-DWSynapsePOC-RG",
            "runbook_type": "PowerShell",
            "tags": null,
            "timeouts": null
          },
          "sensitive_attributes": [],
          "private": "eyJlMmJmYjczMC1lY2FhLTExZTYtOGY4OC0zNDM2M2JjN2M0YzAiOnsiY3JlYXRlIjoxODAwMDAwMDAwMDAwLCJkZWxldGUiOjE4MDAwMDAwMDAwMDAsInJlYWQiOjMwMDAwMDAwMDAwMCwidXBkYXRlIjoxODAwMDAwMDAwMDAwfX0=",
          "dependencies": [
            "azurerm_automation_account.automation_account",
            "data.azurerm_resource_group.rg",
            "data.local_file.restartvm"
          ]
        }
      ]
    },
    {
      "mode": "managed",
      "type": "azurerm_automation_runbook",
      "name": "automation_runbook_AAS-resume",
      "provider": "provider[\"registry.terraform.io/hashicorp/azurerm\"]",
      "instances": [
        {
          "schema_version": 0,
          "attributes": {
            "automation_account_name": "aa-kpmgcadwpoc01",
            "content": "# Ensures you do not inherit an AzContext in your runbook\r\nDisable-AzContextAutosave -Scope Process\r\n\r\n$Conn = Get-AutomationConnection  -Name \"AzureRunAsConnection\"\r\nConnect-AzAccount -ServicePrincipal -Tenant $Conn.TenantID `\r\n-ApplicationId $Conn.ApplicationID -CertificateThumbprint $Conn.CertificateThumbprint\r\n\r\n$AzureContext = Select-AzSubscription -SubscriptionId $Conn.SubscriptionID\r\n\r\nGet-AzSqlDatabase –ResourceGroupName \"KPMG-CA-DWSynapsePOC-RG\" `\r\n–ServerName \"sqlpoolservername\" -DatabaseName \"mySampleDataWarehouse\"\r\n\r\n#Resume sql pool\r\nResume-AzSqlDatabase –ResourceGroupName \"KPMG-CA-DWSynapsePOC-RG\" `\r\n–ServerName \"sqlpoolservername\" -DatabaseName \"mySampleDataWarehouse\" ",
            "description": "runbook for  restart vm",
            "id": "/subscriptions/09244db3-9e4e-45d7-917e-95d1d2905962/resourceGroups/KPMG-CA-DWSynapsePOC-RG/providers/Microsoft.Automation/automationAccounts/aa-kpmgcadwpoc01/runbooks/automation_runbook_dw_resume",
            "job_schedule": [],
            "location": "canadacentral",
            "log_progress": true,
            "log_verbose": true,
            "name": "automation_runbook_dw_resume",
            "publish_content_link": [],
            "resource_group_name": "KPMG-CA-DWSynapsePOC-RG",
            "runbook_type": "PowerShell",
            "tags": null,
            "timeouts": null
          },
          "sensitive_attributes": [],
          "private": "eyJlMmJmYjczMC1lY2FhLTExZTYtOGY4OC0zNDM2M2JjN2M0YzAiOnsiY3JlYXRlIjoxODAwMDAwMDAwMDAwLCJkZWxldGUiOjE4MDAwMDAwMDAwMDAsInJlYWQiOjMwMDAwMDAwMDAwMCwidXBkYXRlIjoxODAwMDAwMDAwMDAwfX0=",
          "dependencies": [
            "azurerm_automation_account.automation_account",
            "data.azurerm_resource_group.rg",
            "data.local_file.AAS-resume"
          ]
        }
      ]
    },
    {
      "mode": "managed",
      "type": "azurerm_automation_runbook",
      "name": "automation_runbook_AAS-stop",
      "provider": "provider[\"registry.terraform.io/hashicorp/azurerm\"]",
      "instances": [
        {
          "schema_version": 0,
          "attributes": {
            "automation_account_name": "aa-kpmgcadwpoc01",
            "content": "# Ensures you do not inherit an AzContext in your runbook\r\nDisable-AzContextAutosave -Scope Process\r\n\r\n$Conn = Get-AutomationConnection  -Name \"AzureRunAsConnection\"\r\nConnect-AzAccount -ServicePrincipal -Tenant $Conn.TenantID `\r\n-ApplicationId $Conn.ApplicationID -CertificateThumbprint $Conn.CertificateThumbprint\r\n\r\n$AzureContext = Select-AzSubscription -SubscriptionId $Conn.SubscriptionID\r\n\r\nGet-AzSqlDatabase –ResourceGroupName \"KPMG-CA-DWSynapsePOC-RG\" `\r\n–ServerName \"sqlpoolservername\" -DatabaseName \"mySampleDataWarehouse\" \r\n\r\n#stop sql pool\r\nSuspend-AzSqlDatabase –ResourceGroupName \"KPMG-CA-DWSynapsePOC-RG\" `\r\n–ServerName \"sqlpoolservername\" –DatabaseName \"mySampleDataWarehouse\"",
            "description": "runbook for  restart vm",
            "id": "/subscriptions/09244db3-9e4e-45d7-917e-95d1d2905962/resourceGroups/KPMG-CA-DWSynapsePOC-RG/providers/Microsoft.Automation/automationAccounts/aa-kpmgcadwpoc01/runbooks/automation_runbook_dw_stop",
            "job_schedule": [],
            "location": "canadacentral",
            "log_progress": true,
            "log_verbose": true,
            "name": "automation_runbook_dw_stop",
            "publish_content_link": [],
            "resource_group_name": "KPMG-CA-DWSynapsePOC-RG",
            "runbook_type": "PowerShell",
            "tags": null,
            "timeouts": null
          },
          "sensitive_attributes": [],
          "private": "eyJlMmJmYjczMC1lY2FhLTExZTYtOGY4OC0zNDM2M2JjN2M0YzAiOnsiY3JlYXRlIjoxODAwMDAwMDAwMDAwLCJkZWxldGUiOjE4MDAwMDAwMDAwMDAsInJlYWQiOjMwMDAwMDAwMDAwMCwidXBkYXRlIjoxODAwMDAwMDAwMDAwfX0=",
          "dependencies": [
            "azurerm_automation_account.automation_account",
            "data.azurerm_resource_group.rg",
            "data.local_file.AAS-stop"
          ]
        }
      ]
    },
    {
      "mode": "managed",
      "type": "azurerm_automation_runbook",
      "name": "automation_runbook_dw-resume",
      "provider": "provider[\"registry.terraform.io/hashicorp/azurerm\"]",
      "instances": [
        {
          "schema_version": 0,
          "attributes": {
            "automation_account_name": "aa-kpmgcadwpoc01",
            "content": "# Ensures you do not inherit an AzContext in your runbook\r\nDisable-AzContextAutosave -Scope Process\r\n\r\n$Conn = Get-AutomationConnection  -Name \"AzureRunAsConnection\"\r\nConnect-AzAccount -ServicePrincipal -Tenant $Conn.TenantID `\r\n-ApplicationId $Conn.ApplicationID -CertificateThumbprint $Conn.CertificateThumbprint\r\n\r\n$AzureContext = Select-AzSubscription -SubscriptionId $Conn.SubscriptionID\r\n\r\nGet-AzSqlDatabase –ResourceGroupName \"KPMG-CA-DWSynapsePOC-RG\" `\r\n–ServerName \"sqlpoolservername\" -DatabaseName \"mySampleDataWarehouse\"\r\n\r\n#Resume sql pool\r\nResume-AzSqlDatabase –ResourceGroupName \"KPMG-CA-DWSynapsePOC-RG\" `\r\n–ServerName \"sqlpoolservername\" -DatabaseName \"mySampleDataWarehouse\" ",
            "description": "runbook for  restart vm",
            "id": "/subscriptions/09244db3-9e4e-45d7-917e-95d1d2905962/resourceGroups/KPMG-CA-DWSynapsePOC-RG/providers/Microsoft.Automation/automationAccounts/aa-kpmgcadwpoc01/runbooks/automation_runbook_dw_resume",
            "job_schedule": [],
            "location": "canadacentral",
            "log_progress": true,
            "log_verbose": true,
            "name": "automation_runbook_dw_resume",
            "publish_content_link": [],
            "resource_group_name": "KPMG-CA-DWSynapsePOC-RG",
            "runbook_type": "PowerShell",
            "tags": null,
            "timeouts": null
          },
          "sensitive_attributes": [],
          "private": "eyJlMmJmYjczMC1lY2FhLTExZTYtOGY4OC0zNDM2M2JjN2M0YzAiOnsiY3JlYXRlIjoxODAwMDAwMDAwMDAwLCJkZWxldGUiOjE4MDAwMDAwMDAwMDAsInJlYWQiOjMwMDAwMDAwMDAwMCwidXBkYXRlIjoxODAwMDAwMDAwMDAwfX0=",
          "dependencies": [
            "azurerm_automation_account.automation_account",
            "data.azurerm_resource_group.rg",
            "data.local_file.dw-resume"
          ]
        }
      ]
    },
    {
      "mode": "managed",
      "type": "azurerm_automation_runbook",
      "name": "automation_runbook_dw-stop",
      "provider": "provider[\"registry.terraform.io/hashicorp/azurerm\"]",
      "instances": [
        {
          "schema_version": 0,
          "attributes": {
            "automation_account_name": "aa-kpmgcadwpoc01",
            "content": "# Ensures you do not inherit an AzContext in your runbook\r\nDisable-AzContextAutosave -Scope Process\r\n\r\n$Conn = Get-AutomationConnection  -Name \"AzureRunAsConnection\"\r\nConnect-AzAccount -ServicePrincipal -Tenant $Conn.TenantID `\r\n-ApplicationId $Conn.ApplicationID -CertificateThumbprint $Conn.CertificateThumbprint\r\n\r\n$AzureContext = Select-AzSubscription -SubscriptionId $Conn.SubscriptionID\r\n\r\nGet-AzSqlDatabase –ResourceGroupName \"KPMG-CA-DWSynapsePOC-RG\" `\r\n–ServerName \"sqlpoolservername\" -DatabaseName \"mySampleDataWarehouse\" \r\n\r\n#stop sql pool\r\nSuspend-AzSqlDatabase –ResourceGroupName \"KPMG-CA-DWSynapsePOC-RG\" `\r\n–ServerName \"sqlpoolservername\" –DatabaseName \"mySampleDataWarehouse\"",
            "description": "runbook for  restart vm",
            "id": "/subscriptions/09244db3-9e4e-45d7-917e-95d1d2905962/resourceGroups/KPMG-CA-DWSynapsePOC-RG/providers/Microsoft.Automation/automationAccounts/aa-kpmgcadwpoc01/runbooks/automation_runbook_dw_stop",
            "job_schedule": [],
            "location": "canadacentral",
            "log_progress": true,
            "log_verbose": true,
            "name": "automation_runbook_dw_stop",
            "publish_content_link": [],
            "resource_group_name": "KPMG-CA-DWSynapsePOC-RG",
            "runbook_type": "PowerShell",
            "tags": null,
            "timeouts": null
          },
          "sensitive_attributes": [],
          "private": "eyJlMmJmYjczMC1lY2FhLTExZTYtOGY4OC0zNDM2M2JjN2M0YzAiOnsiY3JlYXRlIjoxODAwMDAwMDAwMDAwLCJkZWxldGUiOjE4MDAwMDAwMDAwMDAsInJlYWQiOjMwMDAwMDAwMDAwMCwidXBkYXRlIjoxODAwMDAwMDAwMDAwfX0=",
          "dependencies": [
            "azurerm_automation_account.automation_account",
            "data.azurerm_resource_group.rg",
            "data.local_file.dw-stop"
          ]
        }
      ]
    },
    {
      "mode": "managed",
      "type": "azurerm_automation_schedule",
      "name": "AAS-resume-schedule",
      "provider": "provider[\"registry.terraform.io/hashicorp/azurerm\"]",
      "instances": [
        {
          "schema_version": 0,
          "attributes": {
            "automation_account_name": "aa-kpmgcadwpoc01",
            "description": "",
            "expiry_time": "9999-12-31T23:59:00Z",
            "frequency": "Day",
            "id": "/subscriptions/09244db3-9e4e-45d7-917e-95d1d2905962/resourceGroups/KPMG-CA-DWSynapsePOC-RG/providers/Microsoft.Automation/automationAccounts/aa-kpmgcadwpoc01/schedules/automation_AAS_resume_schedule",
            "interval": 2,
            "month_days": null,
            "monthly_occurrence": [],
            "name": "automation_AAS_resume_schedule",
            "resource_group_name": "KPMG-CA-DWSynapsePOC-RG",
            "start_time": "2021-11-25T16:00:00Z",
            "timeouts": null,
            "timezone": "Etc/UTC",
            "week_days": null
          },
          "sensitive_attributes": [],
          "private": "eyJlMmJmYjczMC1lY2FhLTExZTYtOGY4OC0zNDM2M2JjN2M0YzAiOnsiY3JlYXRlIjoxODAwMDAwMDAwMDAwLCJkZWxldGUiOjE4MDAwMDAwMDAwMDAsInJlYWQiOjMwMDAwMDAwMDAwMCwidXBkYXRlIjoxODAwMDAwMDAwMDAwfX0=",
          "dependencies": [
            "azurerm_automation_account.automation_account",
            "data.azurerm_resource_group.rg"
          ]
        }
      ]
    },
    {
      "mode": "managed",
      "type": "azurerm_automation_schedule",
      "name": "AAS-stop-schedule",
      "provider": "provider[\"registry.terraform.io/hashicorp/azurerm\"]",
      "instances": [
        {
          "schema_version": 0,
          "attributes": {
            "automation_account_name": "aa-kpmgcadwpoc01",
            "description": "",
            "expiry_time": "9999-12-31T23:59:00Z",
            "frequency": "Day",
            "id": "/subscriptions/09244db3-9e4e-45d7-917e-95d1d2905962/resourceGroups/KPMG-CA-DWSynapsePOC-RG/providers/Microsoft.Automation/automationAccounts/aa-kpmgcadwpoc01/schedules/automation_AAS_stop_schedule",
            "interval": 2,
            "month_days": null,
            "monthly_occurrence": [],
            "name": "automation_AAS_stop_schedule",
            "resource_group_name": "KPMG-CA-DWSynapsePOC-RG",
            "start_time": "2021-11-26T16:00:00Z",
            "timeouts": null,
            "timezone": "Etc/UTC",
            "week_days": null
          },
          "sensitive_attributes": [],
          "private": "eyJlMmJmYjczMC1lY2FhLTExZTYtOGY4OC0zNDM2M2JjN2M0YzAiOnsiY3JlYXRlIjoxODAwMDAwMDAwMDAwLCJkZWxldGUiOjE4MDAwMDAwMDAwMDAsInJlYWQiOjMwMDAwMDAwMDAwMCwidXBkYXRlIjoxODAwMDAwMDAwMDAwfX0=",
          "dependencies": [
            "azurerm_automation_account.automation_account",
            "data.azurerm_resource_group.rg"
          ]
        }
      ]
    },
    {
      "mode": "managed",
      "type": "azurerm_automation_schedule",
      "name": "dw-resume-schedule",
      "provider": "provider[\"registry.terraform.io/hashicorp/azurerm\"]",
      "instances": [
        {
          "schema_version": 0,
          "attributes": {
            "automation_account_name": "aa-kpmgcadwpoc01",
            "description": "",
            "expiry_time": "9999-12-31T23:59:00Z",
            "frequency": "Day",
            "id": "/subscriptions/09244db3-9e4e-45d7-917e-95d1d2905962/resourceGroups/KPMG-CA-DWSynapsePOC-RG/providers/Microsoft.Automation/automationAccounts/aa-kpmgcadwpoc01/schedules/automation_dw_resume_schedule",
            "interval": 2,
            "month_days": null,
            "monthly_occurrence": [],
            "name": "automation_dw_resume_schedule",
            "resource_group_name": "KPMG-CA-DWSynapsePOC-RG",
            "start_time": "2021-11-25T16:00:00Z",
            "timeouts": null,
            "timezone": "Etc/UTC",
            "week_days": null
          },
          "sensitive_attributes": [],
          "private": "eyJlMmJmYjczMC1lY2FhLTExZTYtOGY4OC0zNDM2M2JjN2M0YzAiOnsiY3JlYXRlIjoxODAwMDAwMDAwMDAwLCJkZWxldGUiOjE4MDAwMDAwMDAwMDAsInJlYWQiOjMwMDAwMDAwMDAwMCwidXBkYXRlIjoxODAwMDAwMDAwMDAwfX0=",
          "dependencies": [
            "azurerm_automation_account.automation_account",
            "data.azurerm_resource_group.rg"
          ]
        }
      ]
    },
    {
      "mode": "managed",
      "type": "azurerm_automation_schedule",
      "name": "dw-stop-schedule",
      "provider": "provider[\"registry.terraform.io/hashicorp/azurerm\"]",
      "instances": [
        {
          "schema_version": 0,
          "attributes": {
            "automation_account_name": "aa-kpmgcadwpoc01",
            "description": "",
            "expiry_time": "9999-12-31T23:59:00Z",
            "frequency": "Day",
            "id": "/subscriptions/09244db3-9e4e-45d7-917e-95d1d2905962/resourceGroups/KPMG-CA-DWSynapsePOC-RG/providers/Microsoft.Automation/automationAccounts/aa-kpmgcadwpoc01/schedules/automation_dw_stop_schedule",
            "interval": 2,
            "month_days": null,
            "monthly_occurrence": [],
            "name": "automation_dw_stop_schedule",
            "resource_group_name": "KPMG-CA-DWSynapsePOC-RG",
            "start_time": "2021-11-26T16:00:00Z",
            "timeouts": null,
            "timezone": "Etc/UTC",
            "week_days": null
          },
          "sensitive_attributes": [],
          "private": "eyJlMmJmYjczMC1lY2FhLTExZTYtOGY4OC0zNDM2M2JjN2M0YzAiOnsiY3JlYXRlIjoxODAwMDAwMDAwMDAwLCJkZWxldGUiOjE4MDAwMDAwMDAwMDAsInJlYWQiOjMwMDAwMDAwMDAwMCwidXBkYXRlIjoxODAwMDAwMDAwMDAwfX0=",
          "dependencies": [
            "azurerm_automation_account.automation_account",
            "data.azurerm_resource_group.rg"
          ]
        }
      ]
    },
    {
      "mode": "managed",
      "type": "azurerm_automation_schedule",
      "name": "hour",
      "provider": "provider[\"registry.terraform.io/hashicorp/azurerm\"]",
      "instances": [
        {
          "schema_version": 0,
          "attributes": {
            "automation_account_name": "aa-kpmgcadwpoc01",
            "description": "",
            "expiry_time": "9999-12-31T23:59:00Z",
            "frequency": "Hour",
            "id": "/subscriptions/09244db3-9e4e-45d7-917e-95d1d2905962/resourceGroups/KPMG-CA-DWSynapsePOC-RG/providers/Microsoft.Automation/automationAccounts/aa-kpmgcadwpoc01/schedules/automation_schedule_for_restartvm",
            "interval": 10,
            "month_days": null,
            "monthly_occurrence": [],
            "name": "automation_schedule_for_restartvm",
            "resource_group_name": "KPMG-CA-DWSynapsePOC-RG",
            "start_time": "2021-11-25T16:00:00Z",
            "timeouts": null,
            "timezone": "Etc/UTC",
            "week_days": null
          },
          "sensitive_attributes": [],
          "private": "eyJlMmJmYjczMC1lY2FhLTExZTYtOGY4OC0zNDM2M2JjN2M0YzAiOnsiY3JlYXRlIjoxODAwMDAwMDAwMDAwLCJkZWxldGUiOjE4MDAwMDAwMDAwMDAsInJlYWQiOjMwMDAwMDAwMDAwMCwidXBkYXRlIjoxODAwMDAwMDAwMDAwfX0=",
          "dependencies": [
            "azurerm_automation_account.automation_account",
            "data.azurerm_resource_group.rg"
          ]
        }
      ]
    }
  ]
}
