{
  "version": 4,
  "terraform_version": "1.0.10",
  "serial": 8,
  "lineage": "3efc79d9-ca3a-b7a9-3340-6960bdbe031b",
  "outputs": {},
  "resources": [
    {
      "mode": "data",
      "type": "azurerm_log_analytics_workspace",
      "name": "LogAnalyticsWp",
      "provider": "provider[\"registry.terraform.io/hashicorp/azurerm\"]",
      "instances": [
        {
          "schema_version": 0,
          "attributes": {
            "daily_quota_gb": -1,
            "id": "/subscriptions/09244db3-9e4e-45d7-917e-95d1d2905962/resourceGroups/KPMG-CA-DWSynapsePOC-RG/providers/Microsoft.OperationalInsights/workspaces/log-kpmgca-dwcore",
            "location": "canadacentral",
            "name": "log-kpmgca-dwcore",
            "portal_url": "",
            "primary_shared_key": "MhpXXUlSfPbZwvSizrg/QM5G+LOY/FDGG54jSVWPrdd8NPg1idgCohKMU1AZTnCKq4+tRr0f+HKEhNQ+GS/SYw==",
            "resource_group_name": "KPMG-CA-DWSynapsePOC-RG",
            "retention_in_days": 30,
            "secondary_shared_key": "e2QUO1FySqbkehWstH0jazOCfAcq5yv0rm3JGq2LFGHs9xtdVJq3hwIUpKRG3diqwL5F8IRqPFZe2Dl1YT1DBA==",
            "sku": "pergb2018",
            "tags": {},
            "timeouts": null,
            "workspace_id": "6d072cd5-a4b8-4a31-ad96-ec163d0b6bc5"
          },
          "sensitive_attributes": []
        }
      ]
    },
    {
      "mode": "data",
      "type": "azurerm_network_interface",
      "name": "nic",
      "provider": "provider[\"registry.terraform.io/hashicorp/azurerm\"]",
      "instances": [
        {
          "index_key": 0,
          "schema_version": 0,
          "attributes": {
            "applied_dns_servers": [],
            "dns_servers": [],
            "enable_accelerated_networking": false,
            "enable_ip_forwarding": false,
            "id": "/subscriptions/09244db3-9e4e-45d7-917e-95d1d2905962/resourceGroups/KPMG-CA-DWSynapsePOC-RG/providers/Microsoft.Network/networkInterfaces/SHIR-nic",
            "internal_dns_name_label": "",
            "ip_configuration": [
              {
                "application_gateway_backend_address_pools_ids": [],
                "application_security_group_ids": [],
                "gateway_load_balancer_frontend_ip_configuration_id": "",
                "load_balancer_backend_address_pools_ids": [],
                "load_balancer_inbound_nat_rules_ids": [],
                "name": "internal",
                "primary": true,
                "private_ip_address": "10.135.28.4",
                "private_ip_address_allocation": "Dynamic",
                "private_ip_address_version": "IPv4",
                "public_ip_address_id": "",
                "subnet_id": "/subscriptions/09244db3-9e4e-45d7-917e-95d1d2905962/resourceGroups/KPMG-CA-DWSynapsePOC-RG/providers/Microsoft.Network/virtualNetworks/vnet-KPMG-CA-DWITSCore/subnets/snet-poc"
              }
            ],
            "location": "canadacentral",
            "mac_address": "00-0D-3A-E8-DE-3F",
            "name": "SHIR-nic",
            "network_security_group_id": "",
            "private_ip_address": "10.135.28.4",
            "private_ip_addresses": [
              "10.135.28.4"
            ],
            "resource_group_name": "KPMG-CA-DWSynapsePOC-RG",
            "tags": {},
            "timeouts": null,
            "virtual_machine_id": "/subscriptions/09244db3-9e4e-45d7-917e-95d1d2905962/resourceGroups/KPMG-CA-DWSynapsePOC-RG/providers/Microsoft.Compute/virtualMachines/caadcapp0603"
          },
          "sensitive_attributes": []
        },
        {
          "index_key": 1,
          "schema_version": 0,
          "attributes": {
            "applied_dns_servers": [],
            "dns_servers": [],
            "enable_accelerated_networking": false,
            "enable_ip_forwarding": false,
            "id": "/subscriptions/09244db3-9e4e-45d7-917e-95d1d2905962/resourceGroups/KPMG-CA-DWSynapsePOC-RG/providers/Microsoft.Network/networkInterfaces/blobendpoint.nic.f1632d03-d4c3-4e18-b878-aab3367fcb0c",
            "internal_dns_name_label": "",
            "ip_configuration": [
              {
                "application_gateway_backend_address_pools_ids": [],
                "application_security_group_ids": [],
                "gateway_load_balancer_frontend_ip_configuration_id": "",
                "load_balancer_backend_address_pools_ids": [],
                "load_balancer_inbound_nat_rules_ids": [],
                "name": "privateEndpointIpConfig.22efadc5-5be1-4ee5-894d-e47ee6c55d7b",
                "primary": true,
                "private_ip_address": "10.135.28.5",
                "private_ip_address_allocation": "Dynamic",
                "private_ip_address_version": "IPv4",
                "public_ip_address_id": "",
                "subnet_id": "/subscriptions/09244db3-9e4e-45d7-917e-95d1d2905962/resourceGroups/KPMG-CA-DWSynapsePOC-RG/providers/Microsoft.Network/virtualNetworks/vnet-KPMG-CA-DWITSCore/subnets/snet-poc"
              }
            ],
            "location": "canadacentral",
            "mac_address": "",
            "name": "blobendpoint.nic.f1632d03-d4c3-4e18-b878-aab3367fcb0c",
            "network_security_group_id": "",
            "private_ip_address": "10.135.28.5",
            "private_ip_addresses": [
              "10.135.28.5"
            ],
            "resource_group_name": "KPMG-CA-DWSynapsePOC-RG",
            "tags": {},
            "timeouts": null,
            "virtual_machine_id": ""
          },
          "sensitive_attributes": []
        },
        {
          "index_key": 2,
          "schema_version": 0,
          "attributes": {
            "applied_dns_servers": [],
            "dns_servers": [],
            "enable_accelerated_networking": false,
            "enable_ip_forwarding": false,
            "id": "/subscriptions/09244db3-9e4e-45d7-917e-95d1d2905962/resourceGroups/KPMG-CA-DWSynapsePOC-RG/providers/Microsoft.Network/networkInterfaces/dfsendpoint.nic.73262361-7fed-4504-8acb-2283ed35165c",
            "internal_dns_name_label": "",
            "ip_configuration": [
              {
                "application_gateway_backend_address_pools_ids": [],
                "application_security_group_ids": [],
                "gateway_load_balancer_frontend_ip_configuration_id": "",
                "load_balancer_backend_address_pools_ids": [],
                "load_balancer_inbound_nat_rules_ids": [],
                "name": "privateEndpointIpConfig.2f53bad1-2130-431d-ab2c-64ca3e998b68",
                "primary": true,
                "private_ip_address": "10.135.28.6",
                "private_ip_address_allocation": "Dynamic",
                "private_ip_address_version": "IPv4",
                "public_ip_address_id": "",
                "subnet_id": "/subscriptions/09244db3-9e4e-45d7-917e-95d1d2905962/resourceGroups/KPMG-CA-DWSynapsePOC-RG/providers/Microsoft.Network/virtualNetworks/vnet-KPMG-CA-DWITSCore/subnets/snet-poc"
              }
            ],
            "location": "canadacentral",
            "mac_address": "",
            "name": "dfsendpoint.nic.73262361-7fed-4504-8acb-2283ed35165c",
            "network_security_group_id": "",
            "private_ip_address": "10.135.28.6",
            "private_ip_addresses": [
              "10.135.28.6"
            ],
            "resource_group_name": "KPMG-CA-DWSynapsePOC-RG",
            "tags": {},
            "timeouts": null,
            "virtual_machine_id": ""
          },
          "sensitive_attributes": []
        },
        {
          "index_key": 3,
          "schema_version": 0,
          "attributes": {
            "applied_dns_servers": [],
            "dns_servers": [],
            "enable_accelerated_networking": false,
            "enable_ip_forwarding": false,
            "id": "/subscriptions/09244db3-9e4e-45d7-917e-95d1d2905962/resourceGroups/KPMG-CA-DWSynapsePOC-RG/providers/Microsoft.Network/networkInterfaces/sqlEndpoint.nic.666daee0-a237-4265-a6f6-e3db12cde0ab",
            "internal_dns_name_label": "",
            "ip_configuration": [
              {
                "application_gateway_backend_address_pools_ids": [],
                "application_security_group_ids": [],
                "gateway_load_balancer_frontend_ip_configuration_id": "",
                "load_balancer_backend_address_pools_ids": [],
                "load_balancer_inbound_nat_rules_ids": [],
                "name": "privateEndpointIpConfig.8ae45f7e-97d4-4bde-80c5-29db48bbde49",
                "primary": true,
                "private_ip_address": "10.135.28.9",
                "private_ip_address_allocation": "Dynamic",
                "private_ip_address_version": "IPv4",
                "public_ip_address_id": "",
                "subnet_id": "/subscriptions/09244db3-9e4e-45d7-917e-95d1d2905962/resourceGroups/KPMG-CA-DWSynapsePOC-RG/providers/Microsoft.Network/virtualNetworks/vnet-KPMG-CA-DWITSCore/subnets/snet-poc"
              }
            ],
            "location": "canadacentral",
            "mac_address": "",
            "name": "sqlEndpoint.nic.666daee0-a237-4265-a6f6-e3db12cde0ab",
            "network_security_group_id": "",
            "private_ip_address": "10.135.28.9",
            "private_ip_addresses": [
              "10.135.28.9"
            ],
            "resource_group_name": "KPMG-CA-DWSynapsePOC-RG",
            "tags": {},
            "timeouts": null,
            "virtual_machine_id": ""
          },
          "sensitive_attributes": []
        },
        {
          "index_key": 4,
          "schema_version": 0,
          "attributes": {
            "applied_dns_servers": [],
            "dns_servers": [],
            "enable_accelerated_networking": false,
            "enable_ip_forwarding": false,
            "id": "/subscriptions/09244db3-9e4e-45d7-917e-95d1d2905962/resourceGroups/KPMG-CA-DWSynapsePOC-RG/providers/Microsoft.Network/networkInterfaces/ondemand-sqlEndpoint.nic.a84ab8bd-9506-482e-ac8e-ab9b1c22fbed",
            "internal_dns_name_label": "",
            "ip_configuration": [
              {
                "application_gateway_backend_address_pools_ids": [],
                "application_security_group_ids": [],
                "gateway_load_balancer_frontend_ip_configuration_id": "",
                "load_balancer_backend_address_pools_ids": [],
                "load_balancer_inbound_nat_rules_ids": [],
                "name": "privateEndpointIpConfig.8b6b2fa0-392e-4bb1-a310-d0382300cdf2",
                "primary": true,
                "private_ip_address": "10.135.28.10",
                "private_ip_address_allocation": "Dynamic",
                "private_ip_address_version": "IPv4",
                "public_ip_address_id": "",
                "subnet_id": "/subscriptions/09244db3-9e4e-45d7-917e-95d1d2905962/resourceGroups/KPMG-CA-DWSynapsePOC-RG/providers/Microsoft.Network/virtualNetworks/vnet-KPMG-CA-DWITSCore/subnets/snet-poc"
              }
            ],
            "location": "canadacentral",
            "mac_address": "",
            "name": "ondemand-sqlEndpoint.nic.a84ab8bd-9506-482e-ac8e-ab9b1c22fbed",
            "network_security_group_id": "",
            "private_ip_address": "10.135.28.10",
            "private_ip_addresses": [
              "10.135.28.10"
            ],
            "resource_group_name": "KPMG-CA-DWSynapsePOC-RG",
            "tags": {},
            "timeouts": null,
            "virtual_machine_id": ""
          },
          "sensitive_attributes": []
        },
        {
          "index_key": 5,
          "schema_version": 0,
          "attributes": {
            "applied_dns_servers": [],
            "dns_servers": [],
            "enable_accelerated_networking": false,
            "enable_ip_forwarding": false,
            "id": "/subscriptions/09244db3-9e4e-45d7-917e-95d1d2905962/resourceGroups/KPMG-CA-DWSynapsePOC-RG/providers/Microsoft.Network/networkInterfaces/dev-Endpoint.nic.9cb49a34-387f-4819-a974-949a71d12269",
            "internal_dns_name_label": "",
            "ip_configuration": [
              {
                "application_gateway_backend_address_pools_ids": [],
                "application_security_group_ids": [],
                "gateway_load_balancer_frontend_ip_configuration_id": "",
                "load_balancer_backend_address_pools_ids": [],
                "load_balancer_inbound_nat_rules_ids": [],
                "name": "privateEndpointIpConfig.e628ff2f-0265-49be-b601-a2ca5a9415a7",
                "primary": true,
                "private_ip_address": "10.135.28.8",
                "private_ip_address_allocation": "Dynamic",
                "private_ip_address_version": "IPv4",
                "public_ip_address_id": "",
                "subnet_id": "/subscriptions/09244db3-9e4e-45d7-917e-95d1d2905962/resourceGroups/KPMG-CA-DWSynapsePOC-RG/providers/Microsoft.Network/virtualNetworks/vnet-KPMG-CA-DWITSCore/subnets/snet-poc"
              }
            ],
            "location": "canadacentral",
            "mac_address": "",
            "name": "dev-Endpoint.nic.9cb49a34-387f-4819-a974-949a71d12269",
            "network_security_group_id": "",
            "private_ip_address": "10.135.28.8",
            "private_ip_addresses": [
              "10.135.28.8"
            ],
            "resource_group_name": "KPMG-CA-DWSynapsePOC-RG",
            "tags": {},
            "timeouts": null,
            "virtual_machine_id": ""
          },
          "sensitive_attributes": []
        },
        {
          "index_key": 6,
          "schema_version": 0,
          "attributes": {
            "applied_dns_servers": [],
            "dns_servers": [],
            "enable_accelerated_networking": false,
            "enable_ip_forwarding": false,
            "id": "/subscriptions/09244db3-9e4e-45d7-917e-95d1d2905962/resourceGroups/KPMG-CA-DWSynapsePOC-RG/providers/Microsoft.Network/networkInterfaces/kv-kpmgcadwpoc01.nic.217d8b99-185a-4cf1-bf99-b94747567208",
            "internal_dns_name_label": "",
            "ip_configuration": [
              {
                "application_gateway_backend_address_pools_ids": [],
                "application_security_group_ids": [],
                "gateway_load_balancer_frontend_ip_configuration_id": "",
                "load_balancer_backend_address_pools_ids": [],
                "load_balancer_inbound_nat_rules_ids": [],
                "name": "privateEndpointIpConfig.40bfc60e-a65a-4820-bfaa-ae235d38775e",
                "primary": true,
                "private_ip_address": "10.135.28.7",
                "private_ip_address_allocation": "Dynamic",
                "private_ip_address_version": "IPv4",
                "public_ip_address_id": "",
                "subnet_id": "/subscriptions/09244db3-9e4e-45d7-917e-95d1d2905962/resourceGroups/KPMG-CA-DWSynapsePOC-RG/providers/Microsoft.Network/virtualNetworks/vnet-KPMG-CA-DWITSCore/subnets/snet-poc"
              }
            ],
            "location": "canadacentral",
            "mac_address": "",
            "name": "kv-kpmgcadwpoc01.nic.217d8b99-185a-4cf1-bf99-b94747567208",
            "network_security_group_id": "",
            "private_ip_address": "10.135.28.7",
            "private_ip_addresses": [
              "10.135.28.7"
            ],
            "resource_group_name": "KPMG-CA-DWSynapsePOC-RG",
            "tags": {},
            "timeouts": null,
            "virtual_machine_id": ""
          },
          "sensitive_attributes": []
        }
      ]
    },
    {
      "mode": "data",
      "type": "azurerm_resource_group",
      "name": "rg",
      "provider": "provider[\"registry.terraform.io/hashicorp/azurerm\"]",
      "instances": [
        {
          "schema_version": 0,
          "attributes": {
            "id": "/subscriptions/09244db3-9e4e-45d7-917e-95d1d2905962/resourceGroups/KPMG-CA-DWSynapsePOC-RG",
            "location": "canadacentral",
            "name": "KPMG-CA-DWSynapsePOC-RG",
            "tags": {
              "CA_Application": "Azure Synapse",
              "CA_BCRating": "BC2",
              "CA_BusinessUnit": "BES",
              "CA_CreatedBy": "lloydlim@Kpmg.ca",
              "CA_DCRating": "Confidential",
              "CA_Environment": "POC",
              "CA_Owner": "Mark Newman",
              "CA_Purpose": "Enterprise Analytics (EA) for BES",
              "CA_WiseID": "5551"
            },
            "timeouts": null
          },
          "sensitive_attributes": []
        }
      ]
    },
    {
      "mode": "managed",
      "type": "azurerm_monitor_diagnostic_setting",
      "name": "nic-diagnostic",
      "provider": "provider[\"registry.terraform.io/hashicorp/azurerm\"]",
      "instances": [
        {
          "index_key": 0,
          "schema_version": 0,
          "attributes": {
            "eventhub_authorization_rule_id": "",
            "eventhub_name": "",
            "id": "/subscriptions/09244db3-9e4e-45d7-917e-95d1d2905962/resourceGroups/KPMG-CA-DWSynapsePOC-RG/providers/Microsoft.Network/networkInterfaces/SHIR-nic|SHIT-VM-DS",
            "log": [],
            "log_analytics_destination_type": "",
            "log_analytics_workspace_id": "/subscriptions/09244db3-9e4e-45d7-917e-95d1d2905962/resourceGroups/KPMG-CA-DWSynapsePOC-RG/providers/Microsoft.OperationalInsights/workspaces/log-kpmgca-dwcore",
            "metric": [
              {
                "category": "AllMetrics",
                "enabled": true,
                "retention_policy": []
              }
            ],
            "name": "SHIT-VM-DS",
            "storage_account_id": "",
            "target_resource_id": "/subscriptions/09244db3-9e4e-45d7-917e-95d1d2905962/resourceGroups/KPMG-CA-DWSynapsePOC-RG/providers/Microsoft.Network/networkInterfaces/SHIR-nic",
            "timeouts": null
          },
          "sensitive_attributes": [],
          "private": "eyJlMmJmYjczMC1lY2FhLTExZTYtOGY4OC0zNDM2M2JjN2M0YzAiOnsiY3JlYXRlIjoxODAwMDAwMDAwMDAwLCJkZWxldGUiOjM2MDAwMDAwMDAwMDAsInJlYWQiOjMwMDAwMDAwMDAwMCwidXBkYXRlIjoxODAwMDAwMDAwMDAwfX0=",
          "dependencies": [
            "data.azurerm_log_analytics_workspace.LogAnalyticsWp",
            "data.azurerm_network_interface.nic"
          ]
        },
        {
          "index_key": 1,
          "schema_version": 0,
          "attributes": {
            "eventhub_authorization_rule_id": "",
            "eventhub_name": "",
            "id": "/subscriptions/09244db3-9e4e-45d7-917e-95d1d2905962/resourceGroups/KPMG-CA-DWSynapsePOC-RG/providers/Microsoft.Network/networkInterfaces/blobendpoint.nic.f1632d03-d4c3-4e18-b878-aab3367fcb0c|Blob-endpoint-DS",
            "log": [],
            "log_analytics_destination_type": "",
            "log_analytics_workspace_id": "/subscriptions/09244db3-9e4e-45d7-917e-95d1d2905962/resourceGroups/KPMG-CA-DWSynapsePOC-RG/providers/Microsoft.OperationalInsights/workspaces/log-kpmgca-dwcore",
            "metric": [
              {
                "category": "AllMetrics",
                "enabled": true,
                "retention_policy": []
              }
            ],
            "name": "Blob-endpoint-DS",
            "storage_account_id": "",
            "target_resource_id": "/subscriptions/09244db3-9e4e-45d7-917e-95d1d2905962/resourceGroups/KPMG-CA-DWSynapsePOC-RG/providers/Microsoft.Network/networkInterfaces/blobendpoint.nic.f1632d03-d4c3-4e18-b878-aab3367fcb0c",
            "timeouts": null
          },
          "sensitive_attributes": [],
          "private": "eyJlMmJmYjczMC1lY2FhLTExZTYtOGY4OC0zNDM2M2JjN2M0YzAiOnsiY3JlYXRlIjoxODAwMDAwMDAwMDAwLCJkZWxldGUiOjM2MDAwMDAwMDAwMDAsInJlYWQiOjMwMDAwMDAwMDAwMCwidXBkYXRlIjoxODAwMDAwMDAwMDAwfX0=",
          "dependencies": [
            "data.azurerm_log_analytics_workspace.LogAnalyticsWp",
            "data.azurerm_network_interface.nic"
          ]
        },
        {
          "index_key": 2,
          "schema_version": 0,
          "attributes": {
            "eventhub_authorization_rule_id": "",
            "eventhub_name": "",
            "id": "/subscriptions/09244db3-9e4e-45d7-917e-95d1d2905962/resourceGroups/KPMG-CA-DWSynapsePOC-RG/providers/Microsoft.Network/networkInterfaces/dfsendpoint.nic.73262361-7fed-4504-8acb-2283ed35165c|dfs-enpoint-DS",
            "log": [],
            "log_analytics_destination_type": "",
            "log_analytics_workspace_id": "/subscriptions/09244db3-9e4e-45d7-917e-95d1d2905962/resourceGroups/KPMG-CA-DWSynapsePOC-RG/providers/Microsoft.OperationalInsights/workspaces/log-kpmgca-dwcore",
            "metric": [
              {
                "category": "AllMetrics",
                "enabled": true,
                "retention_policy": []
              }
            ],
            "name": "dfs-enpoint-DS",
            "storage_account_id": "",
            "target_resource_id": "/subscriptions/09244db3-9e4e-45d7-917e-95d1d2905962/resourceGroups/KPMG-CA-DWSynapsePOC-RG/providers/Microsoft.Network/networkInterfaces/dfsendpoint.nic.73262361-7fed-4504-8acb-2283ed35165c",
            "timeouts": null
          },
          "sensitive_attributes": [],
          "private": "eyJlMmJmYjczMC1lY2FhLTExZTYtOGY4OC0zNDM2M2JjN2M0YzAiOnsiY3JlYXRlIjoxODAwMDAwMDAwMDAwLCJkZWxldGUiOjM2MDAwMDAwMDAwMDAsInJlYWQiOjMwMDAwMDAwMDAwMCwidXBkYXRlIjoxODAwMDAwMDAwMDAwfX0=",
          "dependencies": [
            "data.azurerm_log_analytics_workspace.LogAnalyticsWp",
            "data.azurerm_network_interface.nic"
          ]
        },
        {
          "index_key": 3,
          "schema_version": 0,
          "attributes": {
            "eventhub_authorization_rule_id": "",
            "eventhub_name": "",
            "id": "/subscriptions/09244db3-9e4e-45d7-917e-95d1d2905962/resourceGroups/KPMG-CA-DWSynapsePOC-RG/providers/Microsoft.Network/networkInterfaces/sqlEndpoint.nic.666daee0-a237-4265-a6f6-e3db12cde0ab|sql-endpoint-DS",
            "log": [],
            "log_analytics_destination_type": "",
            "log_analytics_workspace_id": "/subscriptions/09244db3-9e4e-45d7-917e-95d1d2905962/resourceGroups/KPMG-CA-DWSynapsePOC-RG/providers/Microsoft.OperationalInsights/workspaces/log-kpmgca-dwcore",
            "metric": [
              {
                "category": "AllMetrics",
                "enabled": true,
                "retention_policy": []
              }
            ],
            "name": "sql-endpoint-DS",
            "storage_account_id": "",
            "target_resource_id": "/subscriptions/09244db3-9e4e-45d7-917e-95d1d2905962/resourceGroups/KPMG-CA-DWSynapsePOC-RG/providers/Microsoft.Network/networkInterfaces/sqlEndpoint.nic.666daee0-a237-4265-a6f6-e3db12cde0ab",
            "timeouts": null
          },
          "sensitive_attributes": [],
          "private": "eyJlMmJmYjczMC1lY2FhLTExZTYtOGY4OC0zNDM2M2JjN2M0YzAiOnsiY3JlYXRlIjoxODAwMDAwMDAwMDAwLCJkZWxldGUiOjM2MDAwMDAwMDAwMDAsInJlYWQiOjMwMDAwMDAwMDAwMCwidXBkYXRlIjoxODAwMDAwMDAwMDAwfX0=",
          "dependencies": [
            "data.azurerm_log_analytics_workspace.LogAnalyticsWp",
            "data.azurerm_network_interface.nic"
          ]
        },
        {
          "index_key": 4,
          "schema_version": 0,
          "attributes": {
            "eventhub_authorization_rule_id": "",
            "eventhub_name": "",
            "id": "/subscriptions/09244db3-9e4e-45d7-917e-95d1d2905962/resourceGroups/KPMG-CA-DWSynapsePOC-RG/providers/Microsoft.Network/networkInterfaces/ondemand-sqlEndpoint.nic.a84ab8bd-9506-482e-ac8e-ab9b1c22fbed|on-demand-sql-endpoint-DS",
            "log": [],
            "log_analytics_destination_type": "",
            "log_analytics_workspace_id": "/subscriptions/09244db3-9e4e-45d7-917e-95d1d2905962/resourceGroups/KPMG-CA-DWSynapsePOC-RG/providers/Microsoft.OperationalInsights/workspaces/log-kpmgca-dwcore",
            "metric": [
              {
                "category": "AllMetrics",
                "enabled": true,
                "retention_policy": []
              }
            ],
            "name": "on-demand-sql-endpoint-DS",
            "storage_account_id": "",
            "target_resource_id": "/subscriptions/09244db3-9e4e-45d7-917e-95d1d2905962/resourceGroups/KPMG-CA-DWSynapsePOC-RG/providers/Microsoft.Network/networkInterfaces/ondemand-sqlEndpoint.nic.a84ab8bd-9506-482e-ac8e-ab9b1c22fbed",
            "timeouts": null
          },
          "sensitive_attributes": [],
          "private": "eyJlMmJmYjczMC1lY2FhLTExZTYtOGY4OC0zNDM2M2JjN2M0YzAiOnsiY3JlYXRlIjoxODAwMDAwMDAwMDAwLCJkZWxldGUiOjM2MDAwMDAwMDAwMDAsInJlYWQiOjMwMDAwMDAwMDAwMCwidXBkYXRlIjoxODAwMDAwMDAwMDAwfX0=",
          "dependencies": [
            "data.azurerm_log_analytics_workspace.LogAnalyticsWp",
            "data.azurerm_network_interface.nic"
          ]
        },
        {
          "index_key": 5,
          "schema_version": 0,
          "attributes": {
            "eventhub_authorization_rule_id": "",
            "eventhub_name": "",
            "id": "/subscriptions/09244db3-9e4e-45d7-917e-95d1d2905962/resourceGroups/KPMG-CA-DWSynapsePOC-RG/providers/Microsoft.Network/networkInterfaces/dev-Endpoint.nic.9cb49a34-387f-4819-a974-949a71d12269|dev-endpoint-DS",
            "log": [],
            "log_analytics_destination_type": "",
            "log_analytics_workspace_id": "/subscriptions/09244db3-9e4e-45d7-917e-95d1d2905962/resourceGroups/KPMG-CA-DWSynapsePOC-RG/providers/Microsoft.OperationalInsights/workspaces/log-kpmgca-dwcore",
            "metric": [
              {
                "category": "AllMetrics",
                "enabled": true,
                "retention_policy": []
              }
            ],
            "name": "dev-endpoint-DS",
            "storage_account_id": "",
            "target_resource_id": "/subscriptions/09244db3-9e4e-45d7-917e-95d1d2905962/resourceGroups/KPMG-CA-DWSynapsePOC-RG/providers/Microsoft.Network/networkInterfaces/dev-Endpoint.nic.9cb49a34-387f-4819-a974-949a71d12269",
            "timeouts": null
          },
          "sensitive_attributes": [],
          "private": "eyJlMmJmYjczMC1lY2FhLTExZTYtOGY4OC0zNDM2M2JjN2M0YzAiOnsiY3JlYXRlIjoxODAwMDAwMDAwMDAwLCJkZWxldGUiOjM2MDAwMDAwMDAwMDAsInJlYWQiOjMwMDAwMDAwMDAwMCwidXBkYXRlIjoxODAwMDAwMDAwMDAwfX0=",
          "dependencies": [
            "data.azurerm_log_analytics_workspace.LogAnalyticsWp",
            "data.azurerm_network_interface.nic"
          ]
        },
        {
          "index_key": 6,
          "schema_version": 0,
          "attributes": {
            "eventhub_authorization_rule_id": "",
            "eventhub_name": "",
            "id": "/subscriptions/09244db3-9e4e-45d7-917e-95d1d2905962/resourceGroups/KPMG-CA-DWSynapsePOC-RG/providers/Microsoft.Network/networkInterfaces/kv-kpmgcadwpoc01.nic.217d8b99-185a-4cf1-bf99-b94747567208|key-vault-endpoint-DS",
            "log": [],
            "log_analytics_destination_type": "",
            "log_analytics_workspace_id": "/subscriptions/09244db3-9e4e-45d7-917e-95d1d2905962/resourceGroups/KPMG-CA-DWSynapsePOC-RG/providers/Microsoft.OperationalInsights/workspaces/log-kpmgca-dwcore",
            "metric": [
              {
                "category": "AllMetrics",
                "enabled": true,
                "retention_policy": []
              }
            ],
            "name": "key-vault-endpoint-DS",
            "storage_account_id": "",
            "target_resource_id": "/subscriptions/09244db3-9e4e-45d7-917e-95d1d2905962/resourceGroups/KPMG-CA-DWSynapsePOC-RG/providers/Microsoft.Network/networkInterfaces/kv-kpmgcadwpoc01.nic.217d8b99-185a-4cf1-bf99-b94747567208",
            "timeouts": null
          },
          "sensitive_attributes": [],
          "private": "eyJlMmJmYjczMC1lY2FhLTExZTYtOGY4OC0zNDM2M2JjN2M0YzAiOnsiY3JlYXRlIjoxODAwMDAwMDAwMDAwLCJkZWxldGUiOjM2MDAwMDAwMDAwMDAsInJlYWQiOjMwMDAwMDAwMDAwMCwidXBkYXRlIjoxODAwMDAwMDAwMDAwfX0=",
          "dependencies": [
            "data.azurerm_log_analytics_workspace.LogAnalyticsWp",
            "data.azurerm_network_interface.nic"
          ]
        }
      ]
    }
  ]
}
