{
  "version": 4,
  "terraform_version": "1.0.10",
  "serial": 2,
  "lineage": "280d8411-2e56-6b11-7b7a-eaf47dd7e3b6",
  "outputs": {},
  "resources": [
    {
      "mode": "managed",
      "type": "azurerm_key_vault",
      "name": "keyvault",
      "provider": "provider[\"registry.terraform.io/hashicorp/azurerm\"]",
      "instances": [
        {
          "schema_version": 2,
          "attributes": {
            "access_policy": [
              {
                "application_id": "",
                "certificate_permissions": [],
                "key_permissions": [
                  "Create",
                  "Get"
                ],
                "object_id": "edd5c771-b896-4df2-a38c-9a35cf7c4942",
                "secret_permissions": [
                  "Set",
                  "Get",
                  "List",
                  "Delete",
                  "Purge",
                  "Recover"
                ],
                "storage_permissions": [],
                "tenant_id": "84c31ca0-ac3b-4eae-ad11-519d80233e6f"
              }
            ],
            "contact": [],
            "enable_rbac_authorization": false,
            "enabled_for_deployment": false,
            "enabled_for_disk_encryption": true,
            "enabled_for_template_deployment": false,
            "id": "/subscriptions/09244db3-9e4e-45d7-917e-95d1d2905962/resourceGroups/KPMG-CA-DWSynapsePOC-RG/providers/Microsoft.KeyVault/vaults/kv-kpmgcadwpoc01",
            "location": "canadacentral",
            "name": "kv-kpmgcadwpoc01",
            "network_acls": [
              {
                "bypass": "AzureServices",
                "default_action": "Allow",
                "ip_rules": [],
                "virtual_network_subnet_ids": []
              }
            ],
            "purge_protection_enabled": false,
            "resource_group_name": "KPMG-CA-DWSynapsePOC-RG",
            "sku_name": "standard",
            "soft_delete_enabled": true,
            "soft_delete_retention_days": 7,
            "tags": {
              "CA_Application": "Azure Synapse",
              "CA_BCRating": "BC2",
              "CA_BusinessUnit": "BES",
              "CA_CreatedBy": "lloydlim@Kpmg.ca",
              "CA_DCRating": "Confidential",
              "CA_Environment": "POC",
              "CA_Owner": "Mark Newman",
              "CA_Purpose": "Enterprise Analytics (EA) for BES",
              "CA_WiseID": "5551"
            },
            "tenant_id": "84c31ca0-ac3b-4eae-ad11-519d80233e6f",
            "timeouts": {
              "create": null,
              "delete": null,
              "read": null,
              "update": null
            },
            "vault_uri": "https://kv-kpmgcadwpoc01.vault.azure.net/"
          },
          "sensitive_attributes": [],
          "private": "eyJlMmJmYjczMC1lY2FhLTExZTYtOGY4OC0zNDM2M2JjN2M0YzAiOnsiY3JlYXRlIjoxODAwMDAwMDAwMDAwLCJkZWxldGUiOjE4MDAwMDAwMDAwMDAsInJlYWQiOjMwMDAwMDAwMDAwMCwidXBkYXRlIjoxODAwMDAwMDAwMDAwfSwic2NoZW1hX3ZlcnNpb24iOiIyIn0="
        }
      ]
    },
    {
      "mode": "managed",
      "type": "azurerm_linux_virtual_machine",
      "name": "vm",
      "provider": "provider[\"registry.terraform.io/hashicorp/azurerm\"]",
      "instances": [
        {
          "schema_version": 0,
          "attributes": {
            "additional_capabilities": [],
            "admin_password": "ignored-as-imported",
            "admin_ssh_key": [],
            "admin_username": "kpmgpocvmadmin",
            "allow_extension_operations": true,
            "availability_set_id": "",
            "boot_diagnostics": [],
            "computer_name": "caadcapp0603",
            "custom_data": null,
            "dedicated_host_id": "",
            "disable_password_authentication": false,
            "encryption_at_host_enabled": false,
            "eviction_policy": "",
            "extensions_time_budget": "PT1H30M",
            "id": "/subscriptions/09244db3-9e4e-45d7-917e-95d1d2905962/resourceGroups/KPMG-CA-DWSynapsePOC-RG/providers/Microsoft.Compute/virtualMachines/caadcapp0603",
            "identity": [],
            "license_type": "",
            "location": "canadacentral",
            "max_bid_price": -1,
            "name": "caadcapp0603",
            "network_interface_ids": [
              "/subscriptions/09244db3-9e4e-45d7-917e-95d1d2905962/resourceGroups/KPMG-CA-DWSynapsePOC-RG/providers/Microsoft.Network/networkInterfaces/SHIR-nic"
            ],
            "os_disk": [
              {
                "caching": "ReadWrite",
                "diff_disk_settings": [],
                "disk_encryption_set_id": "",
                "disk_size_gb": 30,
                "name": "caadcapp0603_OsDisk_1_4e63f0603c8d4962b09206b6c01ff4bc",
                "storage_account_type": "Standard_LRS",
                "write_accelerator_enabled": false
              }
            ],
            "patch_mode": null,
            "plan": [],
            "platform_fault_domain": -1,
            "priority": "Regular",
            "private_ip_address": "10.135.28.4",
            "private_ip_addresses": [
              "10.135.28.4"
            ],
            "provision_vm_agent": true,
            "proximity_placement_group_id": "",
            "public_ip_address": "",
            "public_ip_addresses": [],
            "resource_group_name": "KPMG-CA-DWSynapsePOC-RG",
            "secret": [],
            "size": "Standard_DS1_v2",
            "source_image_id": "",
            "source_image_reference": [
              {
                "offer": "UbuntuServer",
                "publisher": "Canonical",
                "sku": "16.04-LTS",
                "version": "latest"
              }
            ],
            "tags": {
              "CA_Application": "Azure Synapse",
              "CA_BCRating": "BC2",
              "CA_BusinessUnit": "BES",
              "CA_CreatedBy": "lloydlim@Kpmg.ca",
              "CA_DCRating": "Confidential",
              "CA_Environment": "POC",
              "CA_Owner": "Mark Newman",
              "CA_Purpose": "Enterprise Analytics (EA) for BES",
              "CA_WiseID": "5551"
            },
            "timeouts": {
              "create": null,
              "delete": null,
              "read": null,
              "update": null
            },
            "virtual_machine_id": "7ff6b89d-0365-4c5b-ad52-e8f41393ec6c",
            "virtual_machine_scale_set_id": "",
            "zone": ""
          },
          "sensitive_attributes": [],
          "private": "eyJlMmJmYjczMC1lY2FhLTExZTYtOGY4OC0zNDM2M2JjN2M0YzAiOnsiY3JlYXRlIjoyNzAwMDAwMDAwMDAwLCJkZWxldGUiOjI3MDAwMDAwMDAwMDAsInJlYWQiOjMwMDAwMDAwMDAwMCwidXBkYXRlIjoyNzAwMDAwMDAwMDAwfSwic2NoZW1hX3ZlcnNpb24iOiIwIn0="
        }
      ]
    }
  ]
}
